
Microsoft Visual Studio Solution File, Format Version 12.00
# Visual Studio Version 17
VisualStudioVersion = 17.6.33829.357
MinimumVisualStudioVersion = 10.0.40219.1
Project("{2150E333-8FDC-42A3-9474-1A3956D46DE8}") = "Lesson 14", "Lesson 14", "{4995C4D1-7692-4B80-BCCA-58ADFF1BC1BB}"
EndProject
Project("{2150E333-8FDC-42A3-9474-1A3956D46DE8}") = "Домашние задания", "Домашние задания", "{8AB652D8-789C-4F42-9E28-BF38638F4E74}"
EndProject
Project("{2150E333-8FDC-42A3-9474-1A3956D46DE8}") = "Старые работы", "Старые работы", "{F811FA91-C117-4061-802D-B32D121BC861}"
EndProject
Project("{2150E333-8FDC-42A3-9474-1A3956D46DE8}") = "Самостоятельные работы", "Самостоятельные работы", "{9A437120-23A6-4C2E-84C5-E7F035EDF6D8}"
EndProject
Project("{8BC9CEB8-8B4A-11D0-8D11-00A0C91BC942}") = "27.01", "Старые работы\27.01\27.01.vcxproj", "{AEA3A3B3-6BD4-4762-9BAB-080B0E205066}"
EndProject
Project("{2150E333-8FDC-42A3-9474-1A3956D46DE8}") = "Лабораторные работы", "Лабораторные работы", "{E61B7FB9-1295-4B56-A288-AE44E1294E57}"
EndProject
Project("{8BC9CEB8-8B4A-11D0-8D11-00A0C91BC942}") = "25.05", "25.05\25.05.vcxproj", "{C07F1A2C-D96F-4046-BE59-2A80E9E44DD9}"
EndProject
Project("{2150E333-8FDC-42A3-9474-1A3956D46DE8}") = "Домашние работы", "Домашние работы", "{C4AB0FDB-61ED-4DAC-8063-3288BA01CE09}"
EndProject
Project("{8BC9CEB8-8B4A-11D0-8D11-00A0C91BC942}") = "25.05.2024", "25.05.2024\25.05.2024.vcxproj", "{1EAEC620-E335-46E6-A4D4-46708B559047}"
EndProject
Project("{8BC9CEB8-8B4A-11D0-8D11-00A0C91BC942}") = "7.03", "7.03\7.03.vcxproj", "{D0E3791A-2621-403B-A235-AC5D32A9503D}"
EndProject
Global
	GlobalSection(SolutionConfigurationPlatforms) = preSolution
		Debug|x64 = Debug|x64
		Debug|x86 = Debug|x86
		Release|x64 = Release|x64
		Release|x86 = Release|x86
	EndGlobalSection
	GlobalSection(ProjectConfigurationPlatforms) = postSolution
		{AEA3A3B3-6BD4-4762-9BAB-080B0E205066}.Debug|x64.ActiveCfg = Debug|x64
		{AEA3A3B3-6BD4-4762-9BAB-080B0E205066}.Debug|x64.Build.0 = Debug|x64
		{AEA3A3B3-6BD4-4762-9BAB-080B0E205066}.Debug|x86.ActiveCfg = Debug|Win32
		{AEA3A3B3-6BD4-4762-9BAB-080B0E205066}.Debug|x86.Build.0 = Debug|Win32
		{AEA3A3B3-6BD4-4762-9BAB-080B0E205066}.Release|x64.ActiveCfg = Release|x64
		{AEA3A3B3-6BD4-4762-9BAB-080B0E205066}.Release|x64.Build.0 = Release|x64
		{AEA3A3B3-6BD4-4762-9BAB-080B0E205066}.Release|x86.ActiveCfg = Release|Win32
		{AEA3A3B3-6BD4-4762-9BAB-080B0E205066}.Release|x86.Build.0 = Release|Win32
		{C07F1A2C-D96F-4046-BE59-2A80E9E44DD9}.Debug|x64.ActiveCfg = Debug|x64
		{C07F1A2C-D96F-4046-BE59-2A80E9E44DD9}.Debug|x64.Build.0 = Debug|x64
		{C07F1A2C-D96F-4046-BE59-2A80E9E44DD9}.Debug|x86.ActiveCfg = Debug|Win32
		{C07F1A2C-D96F-4046-BE59-2A80E9E44DD9}.Debug|x86.Build.0 = Debug|Win32
		{C07F1A2C-D96F-4046-BE59-2A80E9E44DD9}.Release|x64.ActiveCfg = Release|x64
		{C07F1A2C-D96F-4046-BE59-2A80E9E44DD9}.Release|x64.Build.0 = Release|x64
		{C07F1A2C-D96F-4046-BE59-2A80E9E44DD9}.Release|x86.ActiveCfg = Release|Win32
		{C07F1A2C-D96F-4046-BE59-2A80E9E44DD9}.Release|x86.Build.0 = Release|Win32
		{1EAEC620-E335-46E6-A4D4-46708B559047}.Debug|x64.ActiveCfg = Debug|x64
		{1EAEC620-E335-46E6-A4D4-46708B559047}.Debug|x64.Build.0 = Debug|x64
		{1EAEC620-E335-46E6-A4D4-46708B559047}.Debug|x86.ActiveCfg = Debug|Win32
		{1EAEC620-E335-46E6-A4D4-46708B559047}.Debug|x86.Build.0 = Debug|Win32
		{1EAEC620-E335-46E6-A4D4-46708B559047}.Release|x64.ActiveCfg = Release|x64
		{1EAEC620-E335-46E6-A4D4-46708B559047}.Release|x64.Build.0 = Release|x64
		{1EAEC620-E335-46E6-A4D4-46708B559047}.Release|x86.ActiveCfg = Release|Win32
		{1EAEC620-E335-46E6-A4D4-46708B559047}.Release|x86.Build.0 = Release|Win32
		{D0E3791A-2621-403B-A235-AC5D32A9503D}.Debug|x64.ActiveCfg = Debug|x64
		{D0E3791A-2621-403B-A235-AC5D32A9503D}.Debug|x64.Build.0 = Debug|x64
		{D0E3791A-2621-403B-A235-AC5D32A9503D}.Debug|x86.ActiveCfg = Debug|Win32
		{D0E3791A-2621-403B-A235-AC5D32A9503D}.Debug|x86.Build.0 = Debug|Win32
		{D0E3791A-2621-403B-A235-AC5D32A9503D}.Release|x64.ActiveCfg = Release|x64
		{D0E3791A-2621-403B-A235-AC5D32A9503D}.Release|x64.Build.0 = Release|x64
		{D0E3791A-2621-403B-A235-AC5D32A9503D}.Release|x86.ActiveCfg = Release|Win32
		{D0E3791A-2621-403B-A235-AC5D32A9503D}.Release|x86.Build.0 = Release|Win32
	EndGlobalSection
	GlobalSection(SolutionProperties) = preSolution
		HideSolutionNode = FALSE
	EndGlobalSection
	GlobalSection(NestedProjects) = preSolution
		{8AB652D8-789C-4F42-9E28-BF38638F4E74} = {4995C4D1-7692-4B80-BCCA-58ADFF1BC1BB}
		{9A437120-23A6-4C2E-84C5-E7F035EDF6D8} = {4995C4D1-7692-4B80-BCCA-58ADFF1BC1BB}
		{AEA3A3B3-6BD4-4762-9BAB-080B0E205066} = {F811FA91-C117-4061-802D-B32D121BC861}
		{C07F1A2C-D96F-4046-BE59-2A80E9E44DD9} = {E61B7FB9-1295-4B56-A288-AE44E1294E57}
		{1EAEC620-E335-46E6-A4D4-46708B559047} = {C4AB0FDB-61ED-4DAC-8063-3288BA01CE09}
		{D0E3791A-2621-403B-A235-AC5D32A9503D} = {F811FA91-C117-4061-802D-B32D121BC861}
		{F7A7F264-06AA-4D56-AC2E-B1117E6D021E} = {F811FA91-C117-4061-802D-B32D121BC861}
	EndGlobalSection
	GlobalSection(ExtensibilityGlobals) = postSolution
		SolutionGuid = {158A4C0C-D37D-4936-8DD4-A41C7DF8300D}
	EndGlobalSection
EndGlobal
